// !$*UTF8*$!
{
	archiveVersion = 1;
	classes = {
	};
	objectVersion = 50;
	objects = {

/* Begin PBXBuildFile section */
		6AA55C472218F9CD006F586C /* AppDelegate.swift in Sources */ = {isa = PBXBuildFile; fileRef = 6AA55C462218F9CD006F586C /* AppDelegate.swift */; };
		6AA55C492218F9CD006F586C /* ViewController.swift in Sources */ = {isa = PBXBuildFile; fileRef = 6AA55C482218F9CD006F586C /* ViewController.swift */; };
		6AA55C4C2218F9CD006F586C /* Main.storyboard in Resources */ = {isa = PBXBuildFile; fileRef = 6AA55C4A2218F9CD006F586C /* Main.storyboard */; };
		6AA55C4E2218F9CE006F586C /* Assets.xcassets in Resources */ = {isa = PBXBuildFile; fileRef = 6AA55C4D2218F9CE006F586C /* Assets.xcassets */; };
		6AA55C512218F9CE006F586C /* LaunchScreen.storyboard in Resources */ = {isa = PBXBuildFile; fileRef = 6AA55C4F2218F9CE006F586C /* LaunchScreen.storyboard */; };
		6AA55C5C2218F9CE006F586C /* MVVM_SimpleDITests.swift in Sources */ = {isa = PBXBuildFile; fileRef = 6AA55C5B2218F9CE006F586C /* MVVM_SimpleDITests.swift */; };
		6AA55C672218F9CE006F586C /* MVVM_SimpleDIUITests.swift in Sources */ = {isa = PBXBuildFile; fileRef = 6AA55C662218F9CE006F586C /* MVVM_SimpleDIUITests.swift */; };
		6AA55C792218FA49006F586C /* TopViewModel.swift in Sources */ = {isa = PBXBuildFile; fileRef = 6AA55C782218FA49006F586C /* TopViewModel.swift */; };
		6AA55C7B2218FA5C006F586C /* TopModel.swift in Sources */ = {isa = PBXBuildFile; fileRef = 6AA55C7A2218FA5C006F586C /* TopModel.swift */; };
		6AA55C7D2218FA95006F586C /* TopViewController.swift in Sources */ = {isa = PBXBuildFile; fileRef = 6AA55C7C2218FA95006F586C /* TopViewController.swift */; };
		6AA55C81221913B3006F586C /* LoginModel.swift in Sources */ = {isa = PBXBuildFile; fileRef = 6AA55C80221913B3006F586C /* LoginModel.swift */; };
		6AA55C832219173B006F586C /* LoginViewModel.swift in Sources */ = {isa = PBXBuildFile; fileRef = 6AA55C822219173B006F586C /* LoginViewModel.swift */; };
		6AA55C8522191A65006F586C /* ViewModelProtocol.swift in Sources */ = {isa = PBXBuildFile; fileRef = 6AA55C8422191A65006F586C /* ViewModelProtocol.swift */; };
		6AA55C8722191B19006F586C /* LoginViewController.swift in Sources */ = {isa = PBXBuildFile; fileRef = 6AA55C8622191B19006F586C /* LoginViewController.swift */; };
		6AA55C8922191C76006F586C /* InjectionProtocol.swift in Sources */ = {isa = PBXBuildFile; fileRef = 6AA55C8822191C76006F586C /* InjectionProtocol.swift */; };
		6AA55C8E22193189006F586C /* ResultType.swift in Sources */ = {isa = PBXBuildFile; fileRef = 6AA55C8D22193189006F586C /* ResultType.swift */; };
		9DA9E01C200E1EA272BC2560 /* Pods_MVVM_SimpleDI.framework in Frameworks */ = {isa = PBXBuildFile; fileRef = 027095AD196A38AC929EDC57 /* Pods_MVVM_SimpleDI.framework */; };
		D61DDCD1A0C97EFAFB9B1117 /* Pods_MVVM_SimpleDITests.framework in Frameworks */ = {isa = PBXBuildFile; fileRef = 1055F774B6E6080D25C02551 /* Pods_MVVM_SimpleDITests.framework */; };
		EE9C7F777E642D349FE5103F /* Pods_MVVM_SimpleDIUITests.framework in Frameworks */ = {isa = PBXBuildFile; fileRef = 91B1426643202AC1F83F4824 /* Pods_MVVM_SimpleDIUITests.framework */; };
/* End PBXBuildFile section */

/* Begin PBXContainerItemProxy section */
		6AA55C582218F9CE006F586C /* PBXContainerItemProxy */ = {
			isa = PBXContainerItemProxy;
			containerPortal = 6AA55C3B2218F9CD006F586C /* Project object */;
			proxyType = 1;
			remoteGlobalIDString = 6AA55C422218F9CD006F586C;
			remoteInfo = "MVVM+SimpleDI";
		};
		6AA55C632218F9CE006F586C /* PBXContainerItemProxy */ = {
			isa = PBXContainerItemProxy;
			containerPortal = 6AA55C3B2218F9CD006F586C /* Project object */;
			proxyType = 1;
			remoteGlobalIDString = 6AA55C422218F9CD006F586C;
			remoteInfo = "MVVM+SimpleDI";
		};
/* End PBXContainerItemProxy section */

/* Begin PBXFileReference section */
		027095AD196A38AC929EDC57 /* Pods_MVVM_SimpleDI.framework */ = {isa = PBXFileReference; explicitFileType = wrapper.framework; includeInIndex = 0; path = Pods_MVVM_SimpleDI.framework; sourceTree = BUILT_PRODUCTS_DIR; };
		1055F774B6E6080D25C02551 /* Pods_MVVM_SimpleDITests.framework */ = {isa = PBXFileReference; explicitFileType = wrapper.framework; includeInIndex = 0; path = Pods_MVVM_SimpleDITests.framework; sourceTree = BUILT_PRODUCTS_DIR; };
		16D713883962DEB5E8DFA717 /* Pods-MVVM+SimpleDIUITests.debug.xcconfig */ = {isa = PBXFileReference; includeInIndex = 1; lastKnownFileType = text.xcconfig; name = "Pods-MVVM+SimpleDIUITests.debug.xcconfig"; path = "Pods/Target Support Files/Pods-MVVM+SimpleDIUITests/Pods-MVVM+SimpleDIUITests.debug.xcconfig"; sourceTree = "<group>"; };
		6AA55C432218F9CD006F586C /* MVVM+SimpleDI.app */ = {isa = PBXFileReference; explicitFileType = wrapper.application; includeInIndex = 0; path = "MVVM+SimpleDI.app"; sourceTree = BUILT_PRODUCTS_DIR; };
		6AA55C462218F9CD006F586C /* AppDelegate.swift */ = {isa = PBXFileReference; lastKnownFileType = sourcecode.swift; path = AppDelegate.swift; sourceTree = "<group>"; };
		6AA55C482218F9CD006F586C /* ViewController.swift */ = {isa = PBXFileReference; lastKnownFileType = sourcecode.swift; path = ViewController.swift; sourceTree = "<group>"; };
		6AA55C4B2218F9CD006F586C /* Base */ = {isa = PBXFileReference; lastKnownFileType = file.storyboard; name = Base; path = Base.lproj/Main.storyboard; sourceTree = "<group>"; };
		6AA55C4D2218F9CE006F586C /* Assets.xcassets */ = {isa = PBXFileReference; lastKnownFileType = folder.assetcatalog; path = Assets.xcassets; sourceTree = "<group>"; };
		6AA55C502218F9CE006F586C /* Base */ = {isa = PBXFileReference; lastKnownFileType = file.storyboard; name = Base; path = Base.lproj/LaunchScreen.storyboard; sourceTree = "<group>"; };
		6AA55C522218F9CE006F586C /* Info.plist */ = {isa = PBXFileReference; lastKnownFileType = text.plist.xml; path = Info.plist; sourceTree = "<group>"; };
		6AA55C572218F9CE006F586C /* MVVM+SimpleDITests.xctest */ = {isa = PBXFileReference; explicitFileType = wrapper.cfbundle; includeInIndex = 0; path = "MVVM+SimpleDITests.xctest"; sourceTree = BUILT_PRODUCTS_DIR; };
		6AA55C5B2218F9CE006F586C /* MVVM_SimpleDITests.swift */ = {isa = PBXFileReference; lastKnownFileType = sourcecode.swift; path = MVVM_SimpleDITests.swift; sourceTree = "<group>"; };
		6AA55C5D2218F9CE006F586C /* Info.plist */ = {isa = PBXFileReference; lastKnownFileType = text.plist.xml; path = Info.plist; sourceTree = "<group>"; };
		6AA55C622218F9CE006F586C /* MVVM+SimpleDIUITests.xctest */ = {isa = PBXFileReference; explicitFileType = wrapper.cfbundle; includeInIndex = 0; path = "MVVM+SimpleDIUITests.xctest"; sourceTree = BUILT_PRODUCTS_DIR; };
		6AA55C662218F9CE006F586C /* MVVM_SimpleDIUITests.swift */ = {isa = PBXFileReference; lastKnownFileType = sourcecode.swift; path = MVVM_SimpleDIUITests.swift; sourceTree = "<group>"; };
		6AA55C682218F9CE006F586C /* Info.plist */ = {isa = PBXFileReference; lastKnownFileType = text.plist.xml; path = Info.plist; sourceTree = "<group>"; };
		6AA55C782218FA49006F586C /* TopViewModel.swift */ = {isa = PBXFileReference; lastKnownFileType = sourcecode.swift; path = TopViewModel.swift; sourceTree = "<group>"; };
		6AA55C7A2218FA5C006F586C /* TopModel.swift */ = {isa = PBXFileReference; lastKnownFileType = sourcecode.swift; path = TopModel.swift; sourceTree = "<group>"; };
		6AA55C7C2218FA95006F586C /* TopViewController.swift */ = {isa = PBXFileReference; lastKnownFileType = sourcecode.swift; path = TopViewController.swift; sourceTree = "<group>"; };
		6AA55C80221913B3006F586C /* LoginModel.swift */ = {isa = PBXFileReference; lastKnownFileType = sourcecode.swift; path = LoginModel.swift; sourceTree = "<group>"; };
		6AA55C822219173B006F586C /* LoginViewModel.swift */ = {isa = PBXFileReference; lastKnownFileType = sourcecode.swift; path = LoginViewModel.swift; sourceTree = "<group>"; };
		6AA55C8422191A65006F586C /* ViewModelProtocol.swift */ = {isa = PBXFileReference; lastKnownFileType = sourcecode.swift; path = ViewModelProtocol.swift; sourceTree = "<group>"; };
		6AA55C8622191B19006F586C /* LoginViewController.swift */ = {isa = PBXFileReference; lastKnownFileType = sourcecode.swift; path = LoginViewController.swift; sourceTree = "<group>"; };
		6AA55C8822191C76006F586C /* InjectionProtocol.swift */ = {isa = PBXFileReference; lastKnownFileType = sourcecode.swift; path = InjectionProtocol.swift; sourceTree = "<group>"; };
		6AA55C8D22193189006F586C /* ResultType.swift */ = {isa = PBXFileReference; lastKnownFileType = sourcecode.swift; path = ResultType.swift; sourceTree = "<group>"; };
		843E0158516C09AA9A46F28F /* Pods-MVVM+SimpleDI.release.xcconfig */ = {isa = PBXFileReference; includeInIndex = 1; lastKnownFileType = text.xcconfig; name = "Pods-MVVM+SimpleDI.release.xcconfig"; path = "Pods/Target Support Files/Pods-MVVM+SimpleDI/Pods-MVVM+SimpleDI.release.xcconfig"; sourceTree = "<group>"; };
		91B1426643202AC1F83F4824 /* Pods_MVVM_SimpleDIUITests.framework */ = {isa = PBXFileReference; explicitFileType = wrapper.framework; includeInIndex = 0; path = Pods_MVVM_SimpleDIUITests.framework; sourceTree = BUILT_PRODUCTS_DIR; };
		BC0A85AC88D8C3AD48EB58BA /* Pods-MVVM+SimpleDIUITests.release.xcconfig */ = {isa = PBXFileReference; includeInIndex = 1; lastKnownFileType = text.xcconfig; name = "Pods-MVVM+SimpleDIUITests.release.xcconfig"; path = "Pods/Target Support Files/Pods-MVVM+SimpleDIUITests/Pods-MVVM+SimpleDIUITests.release.xcconfig"; sourceTree = "<group>"; };
		D22F61FC92069EAD24011E7A /* Pods-MVVM+SimpleDITests.debug.xcconfig */ = {isa = PBXFileReference; includeInIndex = 1; lastKnownFileType = text.xcconfig; name = "Pods-MVVM+SimpleDITests.debug.xcconfig"; path = "Pods/Target Support Files/Pods-MVVM+SimpleDITests/Pods-MVVM+SimpleDITests.debug.xcconfig"; sourceTree = "<group>"; };
		D8CBCFCA8902009C3C4B2EFA /* Pods-MVVM+SimpleDITests.release.xcconfig */ = {isa = PBXFileReference; includeInIndex = 1; lastKnownFileType = text.xcconfig; name = "Pods-MVVM+SimpleDITests.release.xcconfig"; path = "Pods/Target Support Files/Pods-MVVM+SimpleDITests/Pods-MVVM+SimpleDITests.release.xcconfig"; sourceTree = "<group>"; };
		FB6C36DEA62403432ABF2AA0 /* Pods-MVVM+SimpleDI.debug.xcconfig */ = {isa = PBXFileReference; includeInIndex = 1; lastKnownFileType = text.xcconfig; name = "Pods-MVVM+SimpleDI.debug.xcconfig"; path = "Pods/Target Support Files/Pods-MVVM+SimpleDI/Pods-MVVM+SimpleDI.debug.xcconfig"; sourceTree = "<group>"; };
/* End PBXFileReference section */

/* Begin PBXFrameworksBuildPhase section */
		6AA55C402218F9CD006F586C /* Frameworks */ = {
			isa = PBXFrameworksBuildPhase;
			buildActionMask = 2147483647;
			files = (
				9DA9E01C200E1EA272BC2560 /* Pods_MVVM_SimpleDI.framework in Frameworks */,
			);
			runOnlyForDeploymentPostprocessing = 0;
		};
		6AA55C542218F9CE006F586C /* Frameworks */ = {
			isa = PBXFrameworksBuildPhase;
			buildActionMask = 2147483647;
			files = (
				D61DDCD1A0C97EFAFB9B1117 /* Pods_MVVM_SimpleDITests.framework in Frameworks */,
			);
			runOnlyForDeploymentPostprocessing = 0;
		};
		6AA55C5F2218F9CE006F586C /* Frameworks */ = {
			isa = PBXFrameworksBuildPhase;
			buildActionMask = 2147483647;
			files = (
				EE9C7F777E642D349FE5103F /* Pods_MVVM_SimpleDIUITests.framework in Frameworks */,
			);
			runOnlyForDeploymentPostprocessing = 0;
		};
/* End PBXFrameworksBuildPhase section */

/* Begin PBXGroup section */
		307D611BBF50ADA09B557169 /* Pods */ = {
			isa = PBXGroup;
			children = (
				FB6C36DEA62403432ABF2AA0 /* Pods-MVVM+SimpleDI.debug.xcconfig */,
				843E0158516C09AA9A46F28F /* Pods-MVVM+SimpleDI.release.xcconfig */,
				D22F61FC92069EAD24011E7A /* Pods-MVVM+SimpleDITests.debug.xcconfig */,
				D8CBCFCA8902009C3C4B2EFA /* Pods-MVVM+SimpleDITests.release.xcconfig */,
				16D713883962DEB5E8DFA717 /* Pods-MVVM+SimpleDIUITests.debug.xcconfig */,
				BC0A85AC88D8C3AD48EB58BA /* Pods-MVVM+SimpleDIUITests.release.xcconfig */,
			);
			name = Pods;
			sourceTree = "<group>";
		};
		5B5D05FADEC7D6061EC79DD7 /* Frameworks */ = {
			isa = PBXGroup;
			children = (
				027095AD196A38AC929EDC57 /* Pods_MVVM_SimpleDI.framework */,
				1055F774B6E6080D25C02551 /* Pods_MVVM_SimpleDITests.framework */,
				91B1426643202AC1F83F4824 /* Pods_MVVM_SimpleDIUITests.framework */,
			);
			name = Frameworks;
			sourceTree = "<group>";
		};
		6AA55C3A2218F9CD006F586C = {
			isa = PBXGroup;
			children = (
				6AA55C452218F9CD006F586C /* MVVM+SimpleDI */,
				6AA55C5A2218F9CE006F586C /* MVVM+SimpleDITests */,
				6AA55C652218F9CE006F586C /* MVVM+SimpleDIUITests */,
				6AA55C442218F9CD006F586C /* Products */,
				307D611BBF50ADA09B557169 /* Pods */,
				5B5D05FADEC7D6061EC79DD7 /* Frameworks */,
			);
			sourceTree = "<group>";
		};
		6AA55C442218F9CD006F586C /* Products */ = {
			isa = PBXGroup;
			children = (
				6AA55C432218F9CD006F586C /* MVVM+SimpleDI.app */,
				6AA55C572218F9CE006F586C /* MVVM+SimpleDITests.xctest */,
				6AA55C622218F9CE006F586C /* MVVM+SimpleDIUITests.xctest */,
			);
			name = Products;
			sourceTree = "<group>";
		};
		6AA55C452218F9CD006F586C /* MVVM+SimpleDI */ = {
			isa = PBXGroup;
			children = (
				6AA55C762218FA08006F586C /* View */,
				6AA55C742218F9E8006F586C /* ViewModels */,
				6AA55C752218F9FC006F586C /* Models */,
				6AA55C772218FA1A006F586C /* Storyboard */,
				6AA55C462218F9CD006F586C /* AppDelegate.swift */,
				6AA55C4D2218F9CE006F586C /* Assets.xcassets */,
				6AA55C522218F9CE006F586C /* Info.plist */,
			);
			path = "MVVM+SimpleDI";
			sourceTree = "<group>";
		};
		6AA55C5A2218F9CE006F586C /* MVVM+SimpleDITests */ = {
			isa = PBXGroup;
			children = (
				6AA55C5B2218F9CE006F586C /* MVVM_SimpleDITests.swift */,
				6AA55C5D2218F9CE006F586C /* Info.plist */,
			);
			path = "MVVM+SimpleDITests";
			sourceTree = "<group>";
		};
		6AA55C652218F9CE006F586C /* MVVM+SimpleDIUITests */ = {
			isa = PBXGroup;
			children = (
				6AA55C662218F9CE006F586C /* MVVM_SimpleDIUITests.swift */,
				6AA55C682218F9CE006F586C /* Info.plist */,
			);
			path = "MVVM+SimpleDIUITests";
			sourceTree = "<group>";
		};
		6AA55C742218F9E8006F586C /* ViewModels */ = {
			isa = PBXGroup;
			children = (
				6AA55C8422191A65006F586C /* ViewModelProtocol.swift */,
				6AA55C782218FA49006F586C /* TopViewModel.swift */,
				6AA55C822219173B006F586C /* LoginViewModel.swift */,
			);
			path = ViewModels;
			sourceTree = "<group>";
		};
		6AA55C752218F9FC006F586C /* Models */ = {
			isa = PBXGroup;
			children = (
				6AA55C7A2218FA5C006F586C /* TopModel.swift */,
				6AA55C80221913B3006F586C /* LoginModel.swift */,
				6AA55C8D22193189006F586C /* ResultType.swift */,
			);
			path = Models;
			sourceTree = "<group>";
		};
		6AA55C762218FA08006F586C /* View */ = {
			isa = PBXGroup;
			children = (
				6AA55C8822191C76006F586C /* InjectionProtocol.swift */,
				6AA55C482218F9CD006F586C /* ViewController.swift */,
				6AA55C7C2218FA95006F586C /* TopViewController.swift */,
				6AA55C8622191B19006F586C /* LoginViewController.swift */,
			);
			path = View;
			sourceTree = "<group>";
		};
		6AA55C772218FA1A006F586C /* Storyboard */ = {
			isa = PBXGroup;
			children = (
				6AA55C4F2218F9CE006F586C /* LaunchScreen.storyboard */,
				6AA55C4A2218F9CD006F586C /* Main.storyboard */,
			);
			path = Storyboard;
			sourceTree = "<group>";
		};
/* End PBXGroup section */

/* Begin PBXNativeTarget section */
		6AA55C422218F9CD006F586C /* MVVM+SimpleDI */ = {
			isa = PBXNativeTarget;
			buildConfigurationList = 6AA55C6B2218F9CE006F586C /* Build configuration list for PBXNativeTarget "MVVM+SimpleDI" */;
			buildPhases = (
				2529E1316C80D082793E0EA3 /* [CP] Check Pods Manifest.lock */,
				6AA55C3F2218F9CD006F586C /* Sources */,
				6AA55C402218F9CD006F586C /* Frameworks */,
				6AA55C412218F9CD006F586C /* Resources */,
				B716F17D732B73E244610A95 /* [CP] Embed Pods Frameworks */,
			);
			buildRules = (
			);
			dependencies = (
			);
			name = "MVVM+SimpleDI";
			productName = "MVVM+SimpleDI";
			productReference = 6AA55C432218F9CD006F586C /* MVVM+SimpleDI.app */;
			productType = "com.apple.product-type.application";
		};
		6AA55C562218F9CE006F586C /* MVVM+SimpleDITests */ = {
			isa = PBXNativeTarget;
			buildConfigurationList = 6AA55C6E2218F9CE006F586C /* Build configuration list for PBXNativeTarget "MVVM+SimpleDITests" */;
			buildPhases = (
				4353DBD8770363194B3434A4 /* [CP] Check Pods Manifest.lock */,
				6AA55C532218F9CE006F586C /* Sources */,
				6AA55C542218F9CE006F586C /* Frameworks */,
				6AA55C552218F9CE006F586C /* Resources */,
			);
			buildRules = (
			);
			dependencies = (
				6AA55C592218F9CE006F586C /* PBXTargetDependency */,
			);
			name = "MVVM+SimpleDITests";
			productName = "MVVM+SimpleDITests";
			productReference = 6AA55C572218F9CE006F586C /* MVVM+SimpleDITests.xctest */;
			productType = "com.apple.product-type.bundle.unit-test";
		};
		6AA55C612218F9CE006F586C /* MVVM+SimpleDIUITests */ = {
			isa = PBXNativeTarget;
			buildConfigurationList = 6AA55C712218F9CE006F586C /* Build configuration list for PBXNativeTarget "MVVM+SimpleDIUITests" */;
			buildPhases = (
				619137BF3CF642CA61468618 /* [CP] Check Pods Manifest.lock */,
				6AA55C5E2218F9CE006F586C /* Sources */,
				6AA55C5F2218F9CE006F586C /* Frameworks */,
				6AA55C602218F9CE006F586C /* Resources */,
			);
			buildRules = (
			);
			dependencies = (
				6AA55C642218F9CE006F586C /* PBXTargetDependency */,
			);
			name = "MVVM+SimpleDIUITests";
			productName = "MVVM+SimpleDIUITests";
			productReference = 6AA55C622218F9CE006F586C /* MVVM+SimpleDIUITests.xctest */;
			productType = "com.apple.product-type.bundle.ui-testing";
		};
/* End PBXNativeTarget section */

/* Begin PBXProject section */
		6AA55C3B2218F9CD006F586C /* Project object */ = {
			isa = PBXProject;
			attributes = {
				LastSwiftUpdateCheck = 1010;
				LastUpgradeCheck = 1010;
				ORGANIZATIONNAME = ShinUnuma;
				TargetAttributes = {
					6AA55C422218F9CD006F586C = {
						CreatedOnToolsVersion = 10.1;
					};
					6AA55C562218F9CE006F586C = {
						CreatedOnToolsVersion = 10.1;
						TestTargetID = 6AA55C422218F9CD006F586C;
					};
					6AA55C612218F9CE006F586C = {
						CreatedOnToolsVersion = 10.1;
						TestTargetID = 6AA55C422218F9CD006F586C;
					};
				};
			};
			buildConfigurationList = 6AA55C3E2218F9CD006F586C /* Build configuration list for PBXProject "MVVM+SimpleDI" */;
			compatibilityVersion = "Xcode 9.3";
			developmentRegion = en;
			hasScannedForEncodings = 0;
			knownRegions = (
				en,
				Base,
			);
			mainGroup = 6AA55C3A2218F9CD006F586C;
			productRefGroup = 6AA55C442218F9CD006F586C /* Products */;
			projectDirPath = "";
			projectRoot = "";
			targets = (
				6AA55C422218F9CD006F586C /* MVVM+SimpleDI */,
				6AA55C562218F9CE006F586C /* MVVM+SimpleDITests */,
				6AA55C612218F9CE006F586C /* MVVM+SimpleDIUITests */,
			);
		};
/* End PBXProject section */

/* Begin PBXResourcesBuildPhase section */
		6AA55C412218F9CD006F586C /* Resources */ = {
			isa = PBXResourcesBuildPhase;
			buildActionMask = 2147483647;
			files = (
				6AA55C512218F9CE006F586C /* LaunchScreen.storyboard in Resources */,
				6AA55C4E2218F9CE006F586C /* Assets.xcassets in Resources */,
				6AA55C4C2218F9CD006F586C /* Main.storyboard in Resources */,
			);
			runOnlyForDeploymentPostprocessing = 0;
		};
		6AA55C552218F9CE006F586C /* Resources */ = {
			isa = PBXResourcesBuildPhase;
			buildActionMask = 2147483647;
			files = (
			);
			runOnlyForDeploymentPostprocessing = 0;
		};
		6AA55C602218F9CE006F586C /* Resources */ = {
			isa = PBXResourcesBuildPhase;
			buildActionMask = 2147483647;
			files = (
			);
			runOnlyForDeploymentPostprocessing = 0;
		};
/* End PBXResourcesBuildPhase section */

/* Begin PBXShellScriptBuildPhase section */
		2529E1316C80D082793E0EA3 /* [CP] Check Pods Manifest.lock */ = {
			isa = PBXShellScriptBuildPhase;
			buildActionMask = 2147483647;
			files = (
			);
			inputPaths = (
				"${PODS_PODFILE_DIR_PATH}/Podfile.lock",
				"${PODS_ROOT}/Manifest.lock",
			);
			name = "[CP] Check Pods Manifest.lock";
			outputPaths = (
				"$(DERIVED_FILE_DIR)/Pods-MVVM+SimpleDI-checkManifestLockResult.txt",
			);
			runOnlyForDeploymentPostprocessing = 0;
			shellPath = /bin/sh;
			shellScript = "diff \"${PODS_PODFILE_DIR_PATH}/Podfile.lock\" \"${PODS_ROOT}/Manifest.lock\" > /dev/null\nif [ $? != 0 ] ; then\n    # print error to STDERR\n    echo \"error: The sandbox is not in sync with the Podfile.lock. Run 'pod install' or update your CocoaPods installation.\" >&2\n    exit 1\nfi\n# This output is used by Xcode 'outputs' to avoid re-running this script phase.\necho \"SUCCESS\" > \"${SCRIPT_OUTPUT_FILE_0}\"\n";
			showEnvVarsInLog = 0;
		};
		4353DBD8770363194B3434A4 /* [CP] Check Pods Manifest.lock */ = {
			isa = PBXShellScriptBuildPhase;
			buildActionMask = 2147483647;
			files = (
			);
			inputPaths = (
				"${PODS_PODFILE_DIR_PATH}/Podfile.lock",
				"${PODS_ROOT}/Manifest.lock",
			);
			name = "[CP] Check Pods Manifest.lock";
			outputPaths = (
				"$(DERIVED_FILE_DIR)/Pods-MVVM+SimpleDITests-checkManifestLockResult.txt",
			);
			runOnlyForDeploymentPostprocessing = 0;
			shellPath = /bin/sh;
			shellScript = "diff \"${PODS_PODFILE_DIR_PATH}/Podfile.lock\" \"${PODS_ROOT}/Manifest.lock\" > /dev/null\nif [ $? != 0 ] ; then\n    # print error to STDERR\n    echo \"error: The sandbox is not in sync with the Podfile.lock. Run 'pod install' or update your CocoaPods installation.\" >&2\n    exit 1\nfi\n# This output is used by Xcode 'outputs' to avoid re-running this script phase.\necho \"SUCCESS\" > \"${SCRIPT_OUTPUT_FILE_0}\"\n";
			showEnvVarsInLog = 0;
		};
		619137BF3CF642CA61468618 /* [CP] Check Pods Manifest.lock */ = {
			isa = PBXShellScriptBuildPhase;
			buildActionMask = 2147483647;
			files = (
			);
			inputPaths = (
				"${PODS_PODFILE_DIR_PATH}/Podfile.lock",
				"${PODS_ROOT}/Manifest.lock",
			);
			name = "[CP] Check Pods Manifest.lock";
			outputPaths = (
				"$(DERIVED_FILE_DIR)/Pods-MVVM+SimpleDIUITests-checkManifestLockResult.txt",
			);
			runOnlyForDeploymentPostprocessing = 0;
			shellPath = /bin/sh;
			shellScript = "diff \"${PODS_PODFILE_DIR_PATH}/Podfile.lock\" \"${PODS_ROOT}/Manifest.lock\" > /dev/null\nif [ $? != 0 ] ; then\n    # print error to STDERR\n    echo \"error: The sandbox is not in sync with the Podfile.lock. Run 'pod install' or update your CocoaPods installation.\" >&2\n    exit 1\nfi\n# This output is used by Xcode 'outputs' to avoid re-running this script phase.\necho \"SUCCESS\" > \"${SCRIPT_OUTPUT_FILE_0}\"\n";
			showEnvVarsInLog = 0;
		};
		B716F17D732B73E244610A95 /* [CP] Embed Pods Frameworks */ = {
			isa = PBXShellScriptBuildPhase;
			buildActionMask = 2147483647;
			files = (
			);
			inputPaths = (
				"${SRCROOT}/Pods/Target Support Files/Pods-MVVM+SimpleDI/Pods-MVVM+SimpleDI-frameworks.sh",
				"${BUILT_PRODUCTS_DIR}/RxAtomic/RxAtomic.framework",
				"${BUILT_PRODUCTS_DIR}/RxCocoa/RxCocoa.framework",
				"${BUILT_PRODUCTS_DIR}/RxSwift/RxSwift.framework",
			);
			name = "[CP] Embed Pods Frameworks";
			outputPaths = (
				"${TARGET_BUILD_DIR}/${FRAMEWORKS_FOLDER_PATH}/RxAtomic.framework",
				"${TARGET_BUILD_DIR}/${FRAMEWORKS_FOLDER_PATH}/RxCocoa.framework",
				"${TARGET_BUILD_DIR}/${FRAMEWORKS_FOLDER_PATH}/RxSwift.framework",
			);
			runOnlyForDeploymentPostprocessing = 0;
			shellPath = /bin/sh;
			shellScript = "\"${SRCROOT}/Pods/Target Support Files/Pods-MVVM+SimpleDI/Pods-MVVM+SimpleDI-frameworks.sh\"\n";
			showEnvVarsInLog = 0;
		};
/* End PBXShellScriptBuildPhase section */

/* Begin PBXSourcesBuildPhase section */
		6AA55C3F2218F9CD006F586C /* Sources */ = {
			isa = PBXSourcesBuildPhase;
			buildActionMask = 2147483647;
			files = (
				6AA55C492218F9CD006F586C /* ViewController.swift in Sources */,
				6AA55C8922191C76006F586C /* InjectionProtocol.swift in Sources */,
				6AA55C81221913B3006F586C /* LoginModel.swift in Sources */,
				6AA55C7B2218FA5C006F586C /* TopModel.swift in Sources */,
				6AA55C792218FA49006F586C /* TopViewModel.swift in Sources */,
				6AA55C832219173B006F586C /* LoginViewModel.swift in Sources */,
				6AA55C472218F9CD006F586C /* AppDelegate.swift in Sources */,
				6AA55C7D2218FA95006F586C /* TopViewController.swift in Sources */,
				6AA55C8722191B19006F586C /* LoginViewController.swift in Sources */,
				6AA55C8E22193189006F586C /* ResultType.swift in Sources */,
				6AA55C8522191A65006F586C /* ViewModelProtocol.swift in Sources */,
			);
			runOnlyForDeploymentPostprocessing = 0;
		};
		6AA55C532218F9CE006F586C /* Sources */ = {
			isa = PBXSourcesBuildPhase;
			buildActionMask = 2147483647;
			files = (
				6AA55C5C2218F9CE006F586C /* MVVM_SimpleDITests.swift in Sources */,
			);
			runOnlyForDeploymentPostprocessing = 0;
		};
		6AA55C5E2218F9CE006F586C /* Sources */ = {
			isa = PBXSourcesBuildPhase;
			buildActionMask = 2147483647;
			files = (
				6AA55C672218F9CE006F586C /* MVVM_SimpleDIUITests.swift in Sources */,
			);
			runOnlyForDeploymentPostprocessing = 0;
		};
/* End PBXSourcesBuildPhase section */

/* Begin PBXTargetDependency section */
		6AA55C592218F9CE006F586C /* PBXTargetDependency */ = {
			isa = PBXTargetDependency;
			target = 6AA55C422218F9CD006F586C /* MVVM+SimpleDI */;
			targetProxy = 6AA55C582218F9CE006F586C /* PBXContainerItemProxy */;
		};
		6AA55C642218F9CE006F586C /* PBXTargetDependency */ = {
			isa = PBXTargetDependency;
			target = 6AA55C422218F9CD006F586C /* MVVM+SimpleDI */;
			targetProxy = 6AA55C632218F9CE006F586C /* PBXContainerItemProxy */;
		};
/* End PBXTargetDependency section */

/* Begin PBXVariantGroup section */
		6AA55C4A2218F9CD006F586C /* Main.storyboard */ = {
			isa = PBXVariantGroup;
			children = (
				6AA55C4B2218F9CD006F586C /* Base */,
			);
			name = Main.storyboard;
			sourceTree = "<group>";
		};
		6AA55C4F2218F9CE006F586C /* LaunchScreen.storyboard */ = {
			isa = PBXVariantGroup;
			children = (
				6AA55C502218F9CE006F586C /* Base */,
			);
			name = LaunchScreen.storyboard;
			sourceTree = "<group>";
		};
/* End PBXVariantGroup section */

/* Begin XCBuildConfiguration section */
		6AA55C692218F9CE006F586C /* Debug */ = {
			isa = XCBuildConfiguration;
			buildSettings = {
				ALWAYS_SEARCH_USER_PATHS = NO;
				CLANG_ANALYZER_NONNULL = YES;
				CLANG_ANALYZER_NUMBER_OBJECT_CONVERSION = YES_AGGRESSIVE;
				CLANG_CXX_LANGUAGE_STANDARD = "gnu++14";
				CLANG_CXX_LIBRARY = "libc++";
				CLANG_ENABLE_MODULES = YES;
				CLANG_ENABLE_OBJC_ARC = YES;
				CLANG_ENABLE_OBJC_WEAK = YES;
				CLANG_WARN_BLOCK_CAPTURE_AUTORELEASING = YES;
				CLANG_WARN_BOOL_CONVERSION = YES;
				CLANG_WARN_COMMA = YES;
				CLANG_WARN_CONSTANT_CONVERSION = YES;
				CLANG_WARN_DEPRECATED_OBJC_IMPLEMENTATIONS = YES;
				CLANG_WARN_DIRECT_OBJC_ISA_USAGE = YES_ERROR;
				CLANG_WARN_DOCUMENTATION_COMMENTS = YES;
				CLANG_WARN_EMPTY_BODY = YES;
				CLANG_WARN_ENUM_CONVERSION = YES;
				CLANG_WARN_INFINITE_RECURSION = YES;
				CLANG_WARN_INT_CONVERSION = YES;
				CLANG_WARN_NON_LITERAL_NULL_CONVERSION = YES;
				CLANG_WARN_OBJC_IMPLICIT_RETAIN_SELF = YES;
				CLANG_WARN_OBJC_LITERAL_CONVERSION = YES;
				CLANG_WARN_OBJC_ROOT_CLASS = YES_ERROR;
				CLANG_WARN_RANGE_LOOP_ANALYSIS = YES;
				CLANG_WARN_STRICT_PROTOTYPES = YES;
				CLANG_WARN_SUSPICIOUS_MOVE = YES;
				CLANG_WARN_UNGUARDED_AVAILABILITY = YES_AGGRESSIVE;
				CLANG_WARN_UNREACHABLE_CODE = YES;
				CLANG_WARN__DUPLICATE_METHOD_MATCH = YES;
				CODE_SIGN_IDENTITY = "iPhone Developer";
				COPY_PHASE_STRIP = NO;
				DEBUG_INFORMATION_FORMAT = dwarf;
				ENABLE_STRICT_OBJC_MSGSEND = YES;
				ENABLE_TESTABILITY = YES;
				GCC_C_LANGUAGE_STANDARD = gnu11;
				GCC_DYNAMIC_NO_PIC = NO;
				GCC_NO_COMMON_BLOCKS = YES;
				GCC_OPTIMIZATION_LEVEL = 0;
				GCC_PREPROCESSOR_DEFINITIONS = (
					"DEBUG=1",
					"$(inherited)",
				);
				GCC_WARN_64_TO_32_BIT_CONVERSION = YES;
				GCC_WARN_ABOUT_RETURN_TYPE = YES_ERROR;
				GCC_WARN_UNDECLARED_SELECTOR = YES;
				GCC_WARN_UNINITIALIZED_AUTOS = YES_AGGRESSIVE;
				GCC_WARN_UNUSED_FUNCTION = YES;
				GCC_WARN_UNUSED_VARIABLE = YES;
				IPHONEOS_DEPLOYMENT_TARGET = 12.1;
				MTL_ENABLE_DEBUG_INFO = INCLUDE_SOURCE;
				MTL_FAST_MATH = YES;
				ONLY_ACTIVE_ARCH = YES;
				SDKROOT = iphoneos;
				SWIFT_ACTIVE_COMPILATION_CONDITIONS = DEBUG;
				SWIFT_OPTIMIZATION_LEVEL = "-Onone";
			};
			name = Debug;
		};
		6AA55C6A2218F9CE006F586C /* Release */ = {
			isa = XCBuildConfiguration;
			buildSettings = {
				ALWAYS_SEARCH_USER_PATHS = NO;
				CLANG_ANALYZER_NONNULL = YES;
				CLANG_ANALYZER_NUMBER_OBJECT_CONVERSION = YES_AGGRESSIVE;
				CLANG_CXX_LANGUAGE_STANDARD = "gnu++14";
				CLANG_CXX_LIBRARY = "libc++";
				CLANG_ENABLE_MODULES = YES;
				CLANG_ENABLE_OBJC_ARC = YES;
				CLANG_ENABLE_OBJC_WEAK = YES;
				CLANG_WARN_BLOCK_CAPTURE_AUTORELEASING = YES;
				CLANG_WARN_BOOL_CONVERSION = YES;
				CLANG_WARN_COMMA = YES;
				CLANG_WARN_CONSTANT_CONVERSION = YES;
				CLANG_WARN_DEPRECATED_OBJC_IMPLEMENTATIONS = YES;
				CLANG_WARN_DIRECT_OBJC_ISA_USAGE = YES_ERROR;
				CLANG_WARN_DOCUMENTATION_COMMENTS = YES;
				CLANG_WARN_EMPTY_BODY = YES;
				CLANG_WARN_ENUM_CONVERSION = YES;
				CLANG_WARN_INFINITE_RECURSION = YES;
				CLANG_WARN_INT_CONVERSION = YES;
				CLANG_WARN_NON_LITERAL_NULL_CONVERSION = YES;
				CLANG_WARN_OBJC_IMPLICIT_RETAIN_SELF = YES;
				CLANG_WARN_OBJC_LITERAL_CONVERSION = YES;
				CLANG_WARN_OBJC_ROOT_CLASS = YES_ERROR;
				CLANG_WARN_RANGE_LOOP_ANALYSIS = YES;
				CLANG_WARN_STRICT_PROTOTYPES = YES;
				CLANG_WARN_SUSPICIOUS_MOVE = YES;
				CLANG_WARN_UNGUARDED_AVAILABILITY = YES_AGGRESSIVE;
				CLANG_WARN_UNREACHABLE_CODE = YES;
				CLANG_WARN__DUPLICATE_METHOD_MATCH = YES;
				CODE_SIGN_IDENTITY = "iPhone Developer";
				COPY_PHASE_STRIP = NO;
				DEBUG_INFORMATION_FORMAT = "dwarf-with-dsym";
				ENABLE_NS_ASSERTIONS = NO;
				ENABLE_STRICT_OBJC_MSGSEND = YES;
				GCC_C_LANGUAGE_STANDARD = gnu11;
				GCC_NO_COMMON_BLOCKS = YES;
				GCC_WARN_64_TO_32_BIT_CONVERSION = YES;
				GCC_WARN_ABOUT_RETURN_TYPE = YES_ERROR;
				GCC_WARN_UNDECLARED_SELECTOR = YES;
				GCC_WARN_UNINITIALIZED_AUTOS = YES_AGGRESSIVE;
				GCC_WARN_UNUSED_FUNCTION = YES;
				GCC_WARN_UNUSED_VARIABLE = YES;
				IPHONEOS_DEPLOYMENT_TARGET = 12.1;
				MTL_ENABLE_DEBUG_INFO = NO;
				MTL_FAST_MATH = YES;
				SDKROOT = iphoneos;
				SWIFT_COMPILATION_MODE = wholemodule;
				SWIFT_OPTIMIZATION_LEVEL = "-O";
				VALIDATE_PRODUCT = YES;
			};
			name = Release;
		};
		6AA55C6C2218F9CE006F586C /* Debug */ = {
			isa = XCBuildConfiguration;
			baseConfigurationReference = FB6C36DEA62403432ABF2AA0 /* Pods-MVVM+SimpleDI.debug.xcconfig */;
			buildSettings = {
				ASSETCATALOG_COMPILER_APPICON_NAME = AppIcon;
				CODE_SIGN_STYLE = Automatic;
				DEVELOPMENT_TEAM = E3RH48CSLN;
				INFOPLIST_FILE = "MVVM+SimpleDI/Info.plist";
				LD_RUNPATH_SEARCH_PATHS = (
					"$(inherited)",
					"@executable_path/Frameworks",
				);
				PRODUCT_BUNDLE_IDENTIFIER = "com.use.shinproduct.MVVM-SimpleDI";
				PRODUCT_NAME = "$(TARGET_NAME)";
				SWIFT_VERSION = 4.2;
				TARGETED_DEVICE_FAMILY = "1,2";
			};
			name = Debug;
		};
		6AA55C6D2218F9CE006F586C /* Release */ = {
			isa = XCBuildConfiguration;
			baseConfigurationReference = 843E0158516C09AA9A46F28F /* Pods-MVVM+SimpleDI.release.xcconfig */;
			buildSettings = {
				ASSETCATALOG_COMPILER_APPICON_NAME = AppIcon;
				CODE_SIGN_STYLE = Automatic;
				DEVELOPMENT_TEAM = E3RH48CSLN;
				INFOPLIST_FILE = "MVVM+SimpleDI/Info.plist";
				LD_RUNPATH_SEARCH_PATHS = (
					"$(inherited)",
					"@executable_path/Frameworks",
				);
				PRODUCT_BUNDLE_IDENTIFIER = "com.use.shinproduct.MVVM-SimpleDI";
				PRODUCT_NAME = "$(TARGET_NAME)";
				SWIFT_VERSION = 4.2;
				TARGETED_DEVICE_FAMILY = "1,2";
			};
			name = Release;
		};
		6AA55C6F2218F9CE006F586C /* Debug */ = {
			isa = XCBuildConfiguration;
			baseConfigurationReference = D22F61FC92069EAD24011E7A /* Pods-MVVM+SimpleDITests.debug.xcconfig */;
			buildSettings = {
				ALWAYS_EMBED_SWIFT_STANDARD_LIBRARIES = YES;
				BUNDLE_LOADER = "$(TEST_HOST)";
				CODE_SIGN_STYLE = Automatic;
				DEVELOPMENT_TEAM = E3RH48CSLN;
				INFOPLIST_FILE = "MVVM+SimpleDITests/Info.plist";
				LD_RUNPATH_SEARCH_PATHS = (
					"$(inherited)",
					"@executable_path/Frameworks",
					"@loader_path/Frameworks",
				);
				PRODUCT_BUNDLE_IDENTIFIER = "com.use.shinproduct.MVVM-SimpleDITests";
				PRODUCT_NAME = "$(TARGET_NAME)";
				SWIFT_VERSION = 4.2;
				TARGETED_DEVICE_FAMILY = "1,2";
				TEST_HOST = "$(BUILT_PRODUCTS_DIR)/MVVM+SimpleDI.app/MVVM+SimpleDI";
			};
			name = Debug;
		};
		6AA55C702218F9CE006F586C /* Release */ = {
			isa = XCBuildConfiguration;
			baseConfigurationReference = D8CBCFCA8902009C3C4B2EFA /* Pods-MVVM+SimpleDITests.release.xcconfig */;
			buildSettings = {
				ALWAYS_EMBED_SWIFT_STANDARD_LIBRARIES = YES;
				BUNDLE_LOADER = "$(TEST_HOST)";
				CODE_SIGN_STYLE = Automatic;
				DEVELOPMENT_TEAM = E3RH48CSLN;
				INFOPLIST_FILE = "MVVM+SimpleDITests/Info.plist";
				LD_RUNPATH_SEARCH_PATHS = (
					"$(inherited)",
					"@executable_path/Frameworks",
					"@loader_path/Frameworks",
				);
				PRODUCT_BUNDLE_IDENTIFIER = "com.use.shinproduct.MVVM-SimpleDITests";
				PRODUCT_NAME = "$(TARGET_NAME)";
				SWIFT_VERSION = 4.2;
				TARGETED_DEVICE_FAMILY = "1,2";
				TEST_HOST = "$(BUILT_PRODUCTS_DIR)/MVVM+SimpleDI.app/MVVM+SimpleDI";
			};
			name = Release;
		};
		6AA55C722218F9CE006F586C /* Debug */ = {
			isa = XCBuildConfiguration;
			baseConfigurationReference = 16D713883962DEB5E8DFA717 /* Pods-MVVM+SimpleDIUITests.debug.xcconfig */;
			buildSettings = {
				ALWAYS_EMBED_SWIFT_STANDARD_LIBRARIES = YES;
				CODE_SIGN_STYLE = Automatic;
				DEVELOPMENT_TEAM = E3RH48CSLN;
				INFOPLIST_FILE = "MVVM+SimpleDIUITests/Info.plist";
				LD_RUNPATH_SEARCH_PATHS = (
					"$(inherited)",
					"@executable_path/Frameworks",
					"@loader_path/Frameworks",
				);
				PRODUCT_BUNDLE_IDENTIFIER = "com.use.shinproduct.MVVM-SimpleDIUITests";
				PRODUCT_NAME = "$(TARGET_NAME)";
				SWIFT_VERSION = 4.2;
				TARGETED_DEVICE_FAMILY = "1,2";
				TEST_TARGET_NAME = "MVVM+SimpleDI";
			};
			name = Debug;
		};
		6AA55C732218F9CE006F586C /* Release */ = {
			isa = XCBuildConfiguration;
			baseConfigurationReference = BC0A85AC88D8C3AD48EB58BA /* Pods-MVVM+SimpleDIUITests.release.xcconfig */;
			buildSettings = {
				ALWAYS_EMBED_SWIFT_STANDARD_LIBRARIES = YES;
				CODE_SIGN_STYLE = Automatic;
				DEVELOPMENT_TEAM = E3RH48CSLN;
				INFOPLIST_FILE = "MVVM+SimpleDIUITests/Info.plist";
				LD_RUNPATH_SEARCH_PATHS = (
					"$(inherited)",
					"@executable_path/Frameworks",
					"@loader_path/Frameworks",
				);
				PRODUCT_BUNDLE_IDENTIFIER = "com.use.shinproduct.MVVM-SimpleDIUITests";
				PRODUCT_NAME = "$(TARGET_NAME)";
				SWIFT_VERSION = 4.2;
				TARGETED_DEVICE_FAMILY = "1,2";
				TEST_TARGET_NAME = "MVVM+SimpleDI";
			};
			name = Release;
		};
/* End XCBuildConfiguration section */

/* Begin XCConfigurationList section */
		6AA55C3E2218F9CD006F586C /* Build configuration list for PBXProject "MVVM+SimpleDI" */ = {
			isa = XCConfigurationList;
			buildConfigurations = (
				6AA55C692218F9CE006F586C /* Debug */,
				6AA55C6A2218F9CE006F586C /* Release */,
			);
			defaultConfigurationIsVisible = 0;
			defaultConfigurationName = Release;
		};
		6AA55C6B2218F9CE006F586C /* Build configuration list for PBXNativeTarget "MVVM+SimpleDI" */ = {
			isa = XCConfigurationList;
			buildConfigurations = (
				6AA55C6C2218F9CE006F586C /* Debug */,
				6AA55C6D2218F9CE006F586C /* Release */,
			);
			defaultConfigurationIsVisible = 0;
			defaultConfigurationName = Release;
		};
		6AA55C6E2218F9CE006F586C /* Build configuration list for PBXNativeTarget "MVVM+SimpleDITests" */ = {
			isa = XCConfigurationList;
			buildConfigurations = (
				6AA55C6F2218F9CE006F586C /* Debug */,
				6AA55C702218F9CE006F586C /* Release */,
			);
			defaultConfigurationIsVisible = 0;
			defaultConfigurationName = Release;
		};
		6AA55C712218F9CE006F586C /* Build configuration list for PBXNativeTarget "MVVM+SimpleDIUITests" */ = {
			isa = XCConfigurationList;
			buildConfigurations = (
				6AA55C722218F9CE006F586C /* Debug */,
				6AA55C732218F9CE006F586C /* Release */,
			);
			defaultConfigurationIsVisible = 0;
			defaultConfigurationName = Release;
		};
/* End XCConfigurationList section */
	};
	rootObject = 6AA55C3B2218F9CD006F586C /* Project object */;
}
